// !$*UTF8*$!
{
	archiveVersion = 1;
	classes = {
	};
	objectVersion = 46;
	objects = {

/* Begin PBXBuildFile section */
		5EC6229119D3310C0076399E /* .gitattributes in Resources */ = {isa = PBXBuildFile; fileRef = 5EC6226019D3310C0076399E /* .gitattributes */; };
		5EC6229219D3310C0076399E /* .gitignore in Resources */ = {isa = PBXBuildFile; fileRef = 5EC6226119D3310C0076399E /* .gitignore */; };
		5EC6229319D3310C0076399E /* 1minutetest.wav in Resources */ = {isa = PBXBuildFile; fileRef = 5EC6227019D3310C0076399E /* 1minutetest.wav */; };
		5EC6229419D3310C0076399E /* 3m40stest.wav in Resources */ = {isa = PBXBuildFile; fileRef = 5EC6227119D3310C0076399E /* 3m40stest.wav */; };
		5EC6229519D3310C0076399E /* catmeow.wav in Resources */ = {isa = PBXBuildFile; fileRef = 5EC6227219D3310C0076399E /* catmeow.wav */; };
		5EC6229619D3310C0076399E /* input1mono.wav in Resources */ = {isa = PBXBuildFile; fileRef = 5EC6227319D3310C0076399E /* input1mono.wav */; };
		5EC6229719D3310C0076399E /* CustomAudioUnit.cpp in Sources */ = {isa = PBXBuildFile; fileRef = 5EC6227519D3310C0076399E /* CustomAudioUnit.cpp */; };
		5EC6229819D3310C0076399E /* README.md in Resources */ = {isa = PBXBuildFile; fileRef = 5EC6228319D3310C0076399E /* README.md */; };
		5EC6229919D3310C0076399E /* Sonic.cpp in Sources */ = {isa = PBXBuildFile; fileRef = 5EC6228419D3310C0076399E /* Sonic.cpp */; };
		5EC6229A19D3310C0076399E /* AudioObj.cpp in Sources */ = {isa = PBXBuildFile; fileRef = 5EC6228719D3310C0076399E /* AudioObj.cpp */; };
		5EC6229B19D3310C0076399E /* complex.cpp in Sources */ = {isa = PBXBuildFile; fileRef = 5EC6228819D3310C0076399E /* complex.cpp */; };
		5EC6229C19D3310C0076399E /* fft.cpp in Sources */ = {isa = PBXBuildFile; fileRef = 5EC6228919D3310C0076399E /* fft.cpp */; };
		5EC6229D19D3310C0076399E /* location.cpp in Sources */ = {isa = PBXBuildFile; fileRef = 5EC6228A19D3310C0076399E /* location.cpp */; };
		5EC6229E19D3310C0076399E /* mit_hrtf_lib.c in Sources */ = {isa = PBXBuildFile; fileRef = 5EC6228B19D3310C0076399E /* mit_hrtf_lib.c */; };
		5EC6229F19D3310C0076399E /* Mixer3D.cpp in Sources */ = {isa = PBXBuildFile; fileRef = 5EC6228C19D3310C0076399E /* Mixer3D.cpp */; };
		5EC622A019D3310C0076399E /* Player.cpp in Sources */ = {isa = PBXBuildFile; fileRef = 5EC6228D19D3310C0076399E /* Player.cpp */; };
		5EC622A119D3310C0076399E /* velocity.cpp in Sources */ = {isa = PBXBuildFile; fileRef = 5EC6228E19D3310C0076399E /* velocity.cpp */; };
		5EC622A219D3310C0076399E /* WavObject.mm in Sources */ = {isa = PBXBuildFile; fileRef = 5EC6228F19D3310C0076399E /* WavObject.mm */; };
		5EC622A319D3310C0076399E /* World.cpp in Sources */ = {isa = PBXBuildFile; fileRef = 5EC6229019D3310C0076399E /* World.cpp */; };
		5EC622A619D331440076399E /* AudioToolbox.framework in Frameworks */ = {isa = PBXBuildFile; fileRef = 5EC622A419D331440076399E /* AudioToolbox.framework */; };
		5EC622A719D331440076399E /* CoreAudio.framework in Frameworks */ = {isa = PBXBuildFile; fileRef = 5EC622A519D331440076399E /* CoreAudio.framework */; };
		5EC9EFB819D1FAC200CBF4FF /* Foundation.framework in Frameworks */ = {isa = PBXBuildFile; fileRef = 5EC9EFB719D1FAC200CBF4FF /* Foundation.framework */; };
		5EC9EFBA19D1FAC200CBF4FF /* CoreGraphics.framework in Frameworks */ = {isa = PBXBuildFile; fileRef = 5EC9EFB919D1FAC200CBF4FF /* CoreGraphics.framework */; };
		5EC9EFBC19D1FAC200CBF4FF /* UIKit.framework in Frameworks */ = {isa = PBXBuildFile; fileRef = 5EC9EFBB19D1FAC200CBF4FF /* UIKit.framework */; };
		5EC9EFC219D1FAC200CBF4FF /* InfoPlist.strings in Resources */ = {isa = PBXBuildFile; fileRef = 5EC9EFC019D1FAC200CBF4FF /* InfoPlist.strings */; };
		5EC9EFC419D1FAC200CBF4FF /* main.m in Sources */ = {isa = PBXBuildFile; fileRef = 5EC9EFC319D1FAC200CBF4FF /* main.m */; };
		5EC9EFC819D1FAC300CBF4FF /* SDAppDelegate.m in Sources */ = {isa = PBXBuildFile; fileRef = 5EC9EFC719D1FAC300CBF4FF /* SDAppDelegate.m */; };
		5EC9EFCB19D1FAC300CBF4FF /* Main.storyboard in Resources */ = {isa = PBXBuildFile; fileRef = 5EC9EFC919D1FAC300CBF4FF /* Main.storyboard */; };
		5EC9EFCE19D1FAC300CBF4FF /* SDViewController.mm in Sources */ = {isa = PBXBuildFile; fileRef = 5EC9EFCD19D1FAC300CBF4FF /* SDViewController.mm */; };
		5EC9EFD019D1FAC300CBF4FF /* Images.xcassets in Resources */ = {isa = PBXBuildFile; fileRef = 5EC9EFCF19D1FAC300CBF4FF /* Images.xcassets */; };
		5EC9EFD719D1FAC300CBF4FF /* XCTest.framework in Frameworks */ = {isa = PBXBuildFile; fileRef = 5EC9EFD619D1FAC300CBF4FF /* XCTest.framework */; };
		5EC9EFD819D1FAC300CBF4FF /* Foundation.framework in Frameworks */ = {isa = PBXBuildFile; fileRef = 5EC9EFB719D1FAC200CBF4FF /* Foundation.framework */; };
		5EC9EFD919D1FAC300CBF4FF /* UIKit.framework in Frameworks */ = {isa = PBXBuildFile; fileRef = 5EC9EFBB19D1FAC200CBF4FF /* UIKit.framework */; };
		5EC9EFE119D1FAC300CBF4FF /* InfoPlist.strings in Resources */ = {isa = PBXBuildFile; fileRef = 5EC9EFDF19D1FAC300CBF4FF /* InfoPlist.strings */; };
		5EC9EFE319D1FAC300CBF4FF /* SonicDemoTests.m in Sources */ = {isa = PBXBuildFile; fileRef = 5EC9EFE219D1FAC300CBF4FF /* SonicDemoTests.m */; };
		EB1419DF19DC5E1D00EC8AD4 /* boom.wav in Resources */ = {isa = PBXBuildFile; fileRef = EB1419D719DC5E1D00EC8AD4 /* boom.wav */; };
		EB1419E019DC5E1D00EC8AD4 /* dingding.wav in Resources */ = {isa = PBXBuildFile; fileRef = EB1419D819DC5E1D00EC8AD4 /* dingding.wav */; };
		EB1419E119DC5E1D00EC8AD4 /* fx.wav in Resources */ = {isa = PBXBuildFile; fileRef = EB1419D919DC5E1D00EC8AD4 /* fx.wav */; };
		EB1419E219DC5E1D00EC8AD4 /* knock_woodpecker.wav in Resources */ = {isa = PBXBuildFile; fileRef = EB1419DA19DC5E1D00EC8AD4 /* knock_woodpecker.wav */; };
		EB1419E319DC5E1D00EC8AD4 /* skrape.wav in Resources */ = {isa = PBXBuildFile; fileRef = EB1419DB19DC5E1D00EC8AD4 /* skrape.wav */; };
		EB1419E419DC5E1D00EC8AD4 /* solo.wav in Resources */ = {isa = PBXBuildFile; fileRef = EB1419DC19DC5E1D00EC8AD4 /* solo.wav */; };
		EB1419E519DC5E1D00EC8AD4 /* wibble.wav in Resources */ = {isa = PBXBuildFile; fileRef = EB1419DD19DC5E1D00EC8AD4 /* wibble.wav */; };
		EB1419E619DC5E1D00EC8AD4 /* wuffle.wav in Resources */ = {isa = PBXBuildFile; fileRef = EB1419DE19DC5E1D00EC8AD4 /* wuffle.wav */; };
		EB1419F519DC6EED00EC8AD4 /* fhtdit.cc in Sources */ = {isa = PBXBuildFile; fileRef = EB1419EB19DC6EED00EC8AD4 /* fhtdit.cc */; };
		EB141A8919E4504100EC8AD4 /* LITS Amp mono.wav in Resources */ = {isa = PBXBuildFile; fileRef = EB141A8519E4504100EC8AD4 /* LITS Amp mono.wav */; };
		EB141A8A19E4504100EC8AD4 /* LITS Voc mono.wav in Resources */ = {isa = PBXBuildFile; fileRef = EB141A8619E4504100EC8AD4 /* LITS Voc mono.wav */; };
		EB141A8B19E4504100EC8AD4 /* LITS Piano mono.wav in Resources */ = {isa = PBXBuildFile; fileRef = EB141A8719E4504100EC8AD4 /* LITS Piano mono.wav */; };
		EB141A8C19E4504100EC8AD4 /* LITS Flute mono.wav in Resources */ = {isa = PBXBuildFile; fileRef = EB141A8819E4504100EC8AD4 /* LITS Flute mono.wav */; };
		EB141A9B19E458D500EC8AD4 /* Disc Xpander mono.wav in Resources */ = {isa = PBXBuildFile; fileRef = EB141A8D19E458D500EC8AD4 /* Disc Xpander mono.wav */; };
		EB141A9C19E458D500EC8AD4 /* Disc Woo Voc mono.wav in Resources */ = {isa = PBXBuildFile; fileRef = EB141A8E19E458D500EC8AD4 /* Disc Woo Voc mono.wav */; };
		EB141A9D19E458D500EC8AD4 /* Disc Vostok Riff mono.wav in Resources */ = {isa = PBXBuildFile; fileRef = EB141A8F19E458D500EC8AD4 /* Disc Vostok Riff mono.wav */; };
		EB141A9E19E458D500EC8AD4 /* Disc Vostok Bass mono.wav in Resources */ = {isa = PBXBuildFile; fileRef = EB141A9019E458D500EC8AD4 /* Disc Vostok Bass mono.wav */; };
		EB141A9F19E458D500EC8AD4 /* Disc Tone mono.wav in Resources */ = {isa = PBXBuildFile; fileRef = EB141A9119E458D500EC8AD4 /* Disc Tone mono.wav */; };
		EB141AA019E458D500EC8AD4 /* Disc Riff mono.wav in Resources */ = {isa = PBXBuildFile; fileRef = EB141A9219E458D500EC8AD4 /* Disc Riff mono.wav */; };
		EB141AA119E458D500EC8AD4 /* Disc Piano mono.wav in Resources */ = {isa = PBXBuildFile; fileRef = EB141A9319E458D500EC8AD4 /* Disc Piano mono.wav */; };
		EB141AA219E458D500EC8AD4 /* Disc Perc mono.wav in Resources */ = {isa = PBXBuildFile; fileRef = EB141A9419E458D500EC8AD4 /* Disc Perc mono.wav */; };
		EB141AA319E458D500EC8AD4 /* Disc Marimba mono.wav in Resources */ = {isa = PBXBuildFile; fileRef = EB141A9519E458D500EC8AD4 /* Disc Marimba mono.wav */; };
		EB141AA419E458D500EC8AD4 /* Disc Lo Tone mono.wav in Resources */ = {isa = PBXBuildFile; fileRef = EB141A9619E458D500EC8AD4 /* Disc Lo Tone mono.wav */; };
		EB141AA519E458D500EC8AD4 /* Disc Lead mono.wav in Resources */ = {isa = PBXBuildFile; fileRef = EB141A9719E458D500EC8AD4 /* Disc Lead mono.wav */; };
		EB141AA619E458D500EC8AD4 /* Disc Drums mono.wav in Resources */ = {isa = PBXBuildFile; fileRef = EB141A9819E458D500EC8AD4 /* Disc Drums mono.wav */; };
		EB141AA719E458D500EC8AD4 /* Disc BV mono.wav in Resources */ = {isa = PBXBuildFile; fileRef = EB141A9919E458D500EC8AD4 /* Disc BV mono.wav */; };
		EB141AA819E458D500EC8AD4 /* Disc Bass mono.wav in Resources */ = {isa = PBXBuildFile; fileRef = EB141A9A19E458D500EC8AD4 /* Disc Bass mono.wav */; };
		EBED86131A3A9C6D006CB3EA /* fhtdit2.cc in Sources */ = {isa = PBXBuildFile; fileRef = EBED86021A3A9C6D006CB3EA /* fhtdit2.cc */; };
/* End PBXBuildFile section */

/* Begin PBXContainerItemProxy section */
		5EC9EFDA19D1FAC300CBF4FF /* PBXContainerItemProxy */ = {
			isa = PBXContainerItemProxy;
			containerPortal = 5EC9EFAC19D1FAC200CBF4FF /* Project object */;
			proxyType = 1;
			remoteGlobalIDString = 5EC9EFB319D1FAC200CBF4FF;
			remoteInfo = SonicDemo;
		};
/* End PBXContainerItemProxy section */

/* Begin PBXFileReference section */
		5EC6226019D3310C0076399E /* .gitattributes */ = {isa = PBXFileReference; fileEncoding = 4; lastKnownFileType = text; path = .gitattributes; sourceTree = "<group>"; };
		5EC6226119D3310C0076399E /* .gitignore */ = {isa = PBXFileReference; fileEncoding = 4; lastKnownFileType = text; path = .gitignore; sourceTree = "<group>"; };
		5EC6226319D3310C0076399E /* AudioObj.h */ = {isa = PBXFileReference; fileEncoding = 4; lastKnownFileType = sourcecode.c.h; path = AudioObj.h; sourceTree = "<group>"; };
		5EC6226419D3310C0076399E /* CircBuff.h */ = {isa = PBXFileReference; fileEncoding = 4; lastKnownFileType = sourcecode.c.h; path = CircBuff.h; sourceTree = "<group>"; };
		5EC6226519D3310C0076399E /* complex.h */ = {isa = PBXFileReference; fileEncoding = 4; lastKnownFileType = sourcecode.c.h; path = complex.h; sourceTree = "<group>"; };
		5EC6226619D3310C0076399E /* fft.h */ = {isa = PBXFileReference; fileEncoding = 4; lastKnownFileType = sourcecode.c.h; path = fft.h; sourceTree = "<group>"; };
		5EC6226719D3310C0076399E /* location.h */ = {isa = PBXFileReference; fileEncoding = 4; lastKnownFileType = sourcecode.c.h; path = location.h; sourceTree = "<group>"; };
		5EC6226819D3310C0076399E /* mit_hrtf_filter.h */ = {isa = PBXFileReference; fileEncoding = 4; lastKnownFileType = sourcecode.c.h; path = mit_hrtf_filter.h; sourceTree = "<group>"; };
		5EC6226919D3310C0076399E /* mit_hrtf_lib.h */ = {isa = PBXFileReference; fileEncoding = 4; lastKnownFileType = sourcecode.c.h; path = mit_hrtf_lib.h; sourceTree = "<group>"; };
		5EC6226A19D3310C0076399E /* Mixer3D.h */ = {isa = PBXFileReference; fileEncoding = 4; lastKnownFileType = sourcecode.c.h; path = Mixer3D.h; sourceTree = "<group>"; };
		5EC6226B19D3310C0076399E /* Player.h */ = {isa = PBXFileReference; fileEncoding = 4; lastKnownFileType = sourcecode.c.h; path = Player.h; sourceTree = "<group>"; };
		5EC6226C19D3310C0076399E /* velocity.h */ = {isa = PBXFileReference; fileEncoding = 4; lastKnownFileType = sourcecode.c.h; path = velocity.h; sourceTree = "<group>"; };
		5EC6226D19D3310C0076399E /* WavObject.h */ = {isa = PBXFileReference; fileEncoding = 4; lastKnownFileType = sourcecode.c.h; path = WavObject.h; sourceTree = "<group>"; };
		5EC6226E19D3310C0076399E /* World.h */ = {isa = PBXFileReference; fileEncoding = 4; lastKnownFileType = sourcecode.c.h; path = World.h; sourceTree = "<group>"; };
		5EC6227019D3310C0076399E /* 1minutetest.wav */ = {isa = PBXFileReference; lastKnownFileType = audio.wav; path = 1minutetest.wav; sourceTree = "<group>"; };
		5EC6227119D3310C0076399E /* 3m40stest.wav */ = {isa = PBXFileReference; lastKnownFileType = audio.wav; path = 3m40stest.wav; sourceTree = "<group>"; };
		5EC6227219D3310C0076399E /* catmeow.wav */ = {isa = PBXFileReference; lastKnownFileType = audio.wav; path = catmeow.wav; sourceTree = "<group>"; };
		5EC6227319D3310C0076399E /* input1mono.wav */ = {isa = PBXFileReference; lastKnownFileType = audio.wav; path = input1mono.wav; sourceTree = "<group>"; };
		5EC6227519D3310C0076399E /* CustomAudioUnit.cpp */ = {isa = PBXFileReference; fileEncoding = 4; lastKnownFileType = sourcecode.cpp.cpp; path = CustomAudioUnit.cpp; sourceTree = "<group>"; };
		5EC6227619D3310C0076399E /* CustomAudioUnit.h */ = {isa = PBXFileReference; fileEncoding = 4; lastKnownFileType = sourcecode.c.h; path = CustomAudioUnit.h; sourceTree = "<group>"; };
		5EC6227A19D3310C0076399E /* mit_hrtf_diffuse_44100.h */ = {isa = PBXFileReference; fileEncoding = 4; lastKnownFileType = sourcecode.c.h; path = mit_hrtf_diffuse_44100.h; sourceTree = "<group>"; };
		5EC6227B19D3310C0076399E /* mit_hrtf_diffuse_48000.h */ = {isa = PBXFileReference; fileEncoding = 4; lastKnownFileType = sourcecode.c.h; path = mit_hrtf_diffuse_48000.h; sourceTree = "<group>"; };
		5EC6227C19D3310C0076399E /* mit_hrtf_diffuse_88200.h */ = {isa = PBXFileReference; fileEncoding = 4; lastKnownFileType = sourcecode.c.h; path = mit_hrtf_diffuse_88200.h; sourceTree = "<group>"; };
		5EC6227D19D3310C0076399E /* mit_hrtf_diffuse_96000.h */ = {isa = PBXFileReference; fileEncoding = 4; lastKnownFileType = sourcecode.c.h; path = mit_hrtf_diffuse_96000.h; sourceTree = "<group>"; };
		5EC6227F19D3310C0076399E /* mit_hrtf_normal_44100.h */ = {isa = PBXFileReference; fileEncoding = 4; lastKnownFileType = sourcecode.c.h; path = mit_hrtf_normal_44100.h; sourceTree = "<group>"; };
		5EC6228019D3310C0076399E /* mit_hrtf_normal_48000.h */ = {isa = PBXFileReference; fileEncoding = 4; lastKnownFileType = sourcecode.c.h; path = mit_hrtf_normal_48000.h; sourceTree = "<group>"; };
		5EC6228119D3310C0076399E /* mit_hrtf_normal_88200.h */ = {isa = PBXFileReference; fileEncoding = 4; lastKnownFileType = sourcecode.c.h; path = mit_hrtf_normal_88200.h; sourceTree = "<group>"; };
		5EC6228219D3310C0076399E /* mit_hrtf_normal_96000.h */ = {isa = PBXFileReference; fileEncoding = 4; lastKnownFileType = sourcecode.c.h; path = mit_hrtf_normal_96000.h; sourceTree = "<group>"; };
		5EC6228319D3310C0076399E /* README.md */ = {isa = PBXFileReference; fileEncoding = 4; lastKnownFileType = text; path = README.md; sourceTree = "<group>"; };
		5EC6228419D3310C0076399E /* Sonic.cpp */ = {isa = PBXFileReference; fileEncoding = 4; lastKnownFileType = sourcecode.cpp.cpp; path = Sonic.cpp; sourceTree = "<group>"; };
		5EC6228519D3310C0076399E /* Sonic.h */ = {isa = PBXFileReference; fileEncoding = 4; lastKnownFileType = sourcecode.c.h; path = Sonic.h; sourceTree = "<group>"; };
		5EC6228719D3310C0076399E /* AudioObj.cpp */ = {isa = PBXFileReference; fileEncoding = 4; lastKnownFileType = sourcecode.cpp.cpp; path = AudioObj.cpp; sourceTree = "<group>"; };
		5EC6228819D3310C0076399E /* complex.cpp */ = {isa = PBXFileReference; fileEncoding = 4; lastKnownFileType = sourcecode.cpp.cpp; path = complex.cpp; sourceTree = "<group>"; };
		5EC6228919D3310C0076399E /* fft.cpp */ = {isa = PBXFileReference; fileEncoding = 4; lastKnownFileType = sourcecode.cpp.cpp; path = fft.cpp; sourceTree = "<group>"; };
		5EC6228A19D3310C0076399E /* location.cpp */ = {isa = PBXFileReference; fileEncoding = 4; lastKnownFileType = sourcecode.cpp.cpp; path = location.cpp; sourceTree = "<group>"; };
		5EC6228B19D3310C0076399E /* mit_hrtf_lib.c */ = {isa = PBXFileReference; fileEncoding = 4; lastKnownFileType = sourcecode.c.c; path = mit_hrtf_lib.c; sourceTree = "<group>"; };
		5EC6228C19D3310C0076399E /* Mixer3D.cpp */ = {isa = PBXFileReference; fileEncoding = 4; lastKnownFileType = sourcecode.cpp.cpp; path = Mixer3D.cpp; sourceTree = "<group>"; };
		5EC6228D19D3310C0076399E /* Player.cpp */ = {isa = PBXFileReference; fileEncoding = 4; lastKnownFileType = sourcecode.cpp.cpp; path = Player.cpp; sourceTree = "<group>"; };
		5EC6228E19D3310C0076399E /* velocity.cpp */ = {isa = PBXFileReference; fileEncoding = 4; lastKnownFileType = sourcecode.cpp.cpp; path = velocity.cpp; sourceTree = "<group>"; };
		5EC6228F19D3310C0076399E /* WavObject.mm */ = {isa = PBXFileReference; fileEncoding = 4; lastKnownFileType = sourcecode.cpp.objcpp; path = WavObject.mm; sourceTree = "<group>"; };
		5EC6229019D3310C0076399E /* World.cpp */ = {isa = PBXFileReference; fileEncoding = 4; lastKnownFileType = sourcecode.cpp.cpp; path = World.cpp; sourceTree = "<group>"; };
		5EC622A419D331440076399E /* AudioToolbox.framework */ = {isa = PBXFileReference; lastKnownFileType = wrapper.framework; name = AudioToolbox.framework; path = System/Library/Frameworks/AudioToolbox.framework; sourceTree = SDKROOT; };
		5EC622A519D331440076399E /* CoreAudio.framework */ = {isa = PBXFileReference; lastKnownFileType = wrapper.framework; name = CoreAudio.framework; path = System/Library/Frameworks/CoreAudio.framework; sourceTree = SDKROOT; };
		5EC9EFB419D1FAC200CBF4FF /* SonicDemo.app */ = {isa = PBXFileReference; explicitFileType = wrapper.application; includeInIndex = 0; path = SonicDemo.app; sourceTree = BUILT_PRODUCTS_DIR; };
		5EC9EFB719D1FAC200CBF4FF /* Foundation.framework */ = {isa = PBXFileReference; lastKnownFileType = wrapper.framework; name = Foundation.framework; path = System/Library/Frameworks/Foundation.framework; sourceTree = SDKROOT; };
		5EC9EFB919D1FAC200CBF4FF /* CoreGraphics.framework */ = {isa = PBXFileReference; lastKnownFileType = wrapper.framework; name = CoreGraphics.framework; path = System/Library/Frameworks/CoreGraphics.framework; sourceTree = SDKROOT; };
		5EC9EFBB19D1FAC200CBF4FF /* UIKit.framework */ = {isa = PBXFileReference; lastKnownFileType = wrapper.framework; name = UIKit.framework; path = System/Library/Frameworks/UIKit.framework; sourceTree = SDKROOT; };
		5EC9EFBF19D1FAC200CBF4FF /* SonicDemo-Info.plist */ = {isa = PBXFileReference; lastKnownFileType = text.plist.xml; path = "SonicDemo-Info.plist"; sourceTree = "<group>"; };
		5EC9EFC119D1FAC200CBF4FF /* en */ = {isa = PBXFileReference; lastKnownFileType = text.plist.strings; name = en; path = en.lproj/InfoPlist.strings; sourceTree = "<group>"; };
		5EC9EFC319D1FAC200CBF4FF /* main.m */ = {isa = PBXFileReference; lastKnownFileType = sourcecode.c.objc; path = main.m; sourceTree = "<group>"; };
		5EC9EFC519D1FAC200CBF4FF /* SonicDemo-Prefix.pch */ = {isa = PBXFileReference; lastKnownFileType = sourcecode.c.h; path = "SonicDemo-Prefix.pch"; sourceTree = "<group>"; };
		5EC9EFC619D1FAC200CBF4FF /* SDAppDelegate.h */ = {isa = PBXFileReference; lastKnownFileType = sourcecode.c.h; path = SDAppDelegate.h; sourceTree = "<group>"; };
		5EC9EFC719D1FAC300CBF4FF /* SDAppDelegate.m */ = {isa = PBXFileReference; lastKnownFileType = sourcecode.c.objc; path = SDAppDelegate.m; sourceTree = "<group>"; };
		5EC9EFCA19D1FAC300CBF4FF /* Base */ = {isa = PBXFileReference; lastKnownFileType = file.storyboard; name = Base; path = Base.lproj/Main.storyboard; sourceTree = "<group>"; };
		5EC9EFCC19D1FAC300CBF4FF /* SDViewController.h */ = {isa = PBXFileReference; lastKnownFileType = sourcecode.c.h; path = SDViewController.h; sourceTree = "<group>"; };
		5EC9EFCD19D1FAC300CBF4FF /* SDViewController.mm */ = {isa = PBXFileReference; lastKnownFileType = sourcecode.cpp.objcpp; path = SDViewController.mm; sourceTree = "<group>"; };
		5EC9EFCF19D1FAC300CBF4FF /* Images.xcassets */ = {isa = PBXFileReference; lastKnownFileType = folder.assetcatalog; path = Images.xcassets; sourceTree = "<group>"; };
		5EC9EFD519D1FAC300CBF4FF /* SonicDemoTests.xctest */ = {isa = PBXFileReference; explicitFileType = wrapper.cfbundle; includeInIndex = 0; path = SonicDemoTests.xctest; sourceTree = BUILT_PRODUCTS_DIR; };
		5EC9EFD619D1FAC300CBF4FF /* XCTest.framework */ = {isa = PBXFileReference; lastKnownFileType = wrapper.framework; name = XCTest.framework; path = Library/Frameworks/XCTest.framework; sourceTree = DEVELOPER_DIR; };
		5EC9EFDE19D1FAC300CBF4FF /* SonicDemoTests-Info.plist */ = {isa = PBXFileReference; lastKnownFileType = text.plist.xml; path = "SonicDemoTests-Info.plist"; sourceTree = "<group>"; };
		5EC9EFE019D1FAC300CBF4FF /* en */ = {isa = PBXFileReference; lastKnownFileType = text.plist.strings; name = en; path = en.lproj/InfoPlist.strings; sourceTree = "<group>"; };
		5EC9EFE219D1FAC300CBF4FF /* SonicDemoTests.m */ = {isa = PBXFileReference; lastKnownFileType = sourcecode.c.objc; path = SonicDemoTests.m; sourceTree = "<group>"; };
		EB1419D719DC5E1D00EC8AD4 /* boom.wav */ = {isa = PBXFileReference; lastKnownFileType = audio.wav; path = boom.wav; sourceTree = "<group>"; };
		EB1419D819DC5E1D00EC8AD4 /* dingding.wav */ = {isa = PBXFileReference; lastKnownFileType = audio.wav; path = dingding.wav; sourceTree = "<group>"; };
		EB1419D919DC5E1D00EC8AD4 /* fx.wav */ = {isa = PBXFileReference; lastKnownFileType = audio.wav; path = fx.wav; sourceTree = "<group>"; };
		EB1419DA19DC5E1D00EC8AD4 /* knock_woodpecker.wav */ = {isa = PBXFileReference; lastKnownFileType = audio.wav; path = knock_woodpecker.wav; sourceTree = "<group>"; };
		EB1419DB19DC5E1D00EC8AD4 /* skrape.wav */ = {isa = PBXFileReference; lastKnownFileType = audio.wav; path = skrape.wav; sourceTree = "<group>"; };
		EB1419DC19DC5E1D00EC8AD4 /* solo.wav */ = {isa = PBXFileReference; lastKnownFileType = audio.wav; path = solo.wav; sourceTree = "<group>"; };
		EB1419DD19DC5E1D00EC8AD4 /* wibble.wav */ = {isa = PBXFileReference; lastKnownFileType = audio.wav; path = wibble.wav; sourceTree = "<group>"; };
		EB1419DE19DC5E1D00EC8AD4 /* wuffle.wav */ = {isa = PBXFileReference; lastKnownFileType = audio.wav; path = wuffle.wav; sourceTree = "<group>"; };
		EB1419E719DC6EED00EC8AD4 /* cmult.h */ = {isa = PBXFileReference; fileEncoding = 4; lastKnownFileType = sourcecode.c.h; path = cmult.h; sourceTree = "<group>"; };
		EB1419E819DC6EED00EC8AD4 /* complextype.h */ = {isa = PBXFileReference; fileEncoding = 4; lastKnownFileType = sourcecode.c.h; path = complextype.h; sourceTree = "<group>"; };
		EB1419E919DC6EED00EC8AD4 /* constants.h */ = {isa = PBXFileReference; fileEncoding = 4; lastKnownFileType = sourcecode.c.h; path = constants.h; sourceTree = "<group>"; };
		EB1419EA19DC6EED00EC8AD4 /* fht.h */ = {isa = PBXFileReference; fileEncoding = 4; lastKnownFileType = sourcecode.c.h; path = fht.h; sourceTree = "<group>"; };
		EB1419EB19DC6EED00EC8AD4 /* fhtdit.cc */ = {isa = PBXFileReference; fileEncoding = 4; lastKnownFileType = sourcecode.cpp.cpp; name = fhtdit.cc; path = ../include/fhtdit.cc; sourceTree = "<group>"; };
		EB1419ED19DC6EED00EC8AD4 /* fhtloc2.h */ = {isa = PBXFileReference; fileEncoding = 4; lastKnownFileType = sourcecode.c.h; path = fhtloc2.h; sourceTree = "<group>"; };
		EB1419EE19DC6EED00EC8AD4 /* fxttypes.h */ = {isa = PBXFileReference; fileEncoding = 4; lastKnownFileType = sourcecode.c.h; path = fxttypes.h; sourceTree = "<group>"; };
		EB1419EF19DC6EED00EC8AD4 /* hartleyshift.h */ = {isa = PBXFileReference; fileEncoding = 4; lastKnownFileType = sourcecode.c.h; path = hartleyshift.h; sourceTree = "<group>"; };
		EB1419F019DC6EED00EC8AD4 /* shortfhtditcore.h */ = {isa = PBXFileReference; fileEncoding = 4; lastKnownFileType = sourcecode.c.h; path = shortfhtditcore.h; sourceTree = "<group>"; };
		EB1419F219DC6EED00EC8AD4 /* sincos.h */ = {isa = PBXFileReference; fileEncoding = 4; lastKnownFileType = sourcecode.c.h; path = sincos.h; sourceTree = "<group>"; };
		EB1419F319DC6EED00EC8AD4 /* sumdiff.h */ = {isa = PBXFileReference; fileEncoding = 4; lastKnownFileType = sourcecode.c.h; path = sumdiff.h; sourceTree = "<group>"; };
		EB1419F419DC6EED00EC8AD4 /* swap.h */ = {isa = PBXFileReference; fileEncoding = 4; lastKnownFileType = sourcecode.c.h; path = swap.h; sourceTree = "<group>"; };
		EB141A8519E4504100EC8AD4 /* LITS Amp mono.wav */ = {isa = PBXFileReference; lastKnownFileType = audio.wav; path = "LITS Amp mono.wav"; sourceTree = "<group>"; };
		EB141A8619E4504100EC8AD4 /* LITS Voc mono.wav */ = {isa = PBXFileReference; lastKnownFileType = audio.wav; path = "LITS Voc mono.wav"; sourceTree = "<group>"; };
		EB141A8719E4504100EC8AD4 /* LITS Piano mono.wav */ = {isa = PBXFileReference; lastKnownFileType = audio.wav; path = "LITS Piano mono.wav"; sourceTree = "<group>"; };
		EB141A8819E4504100EC8AD4 /* LITS Flute mono.wav */ = {isa = PBXFileReference; lastKnownFileType = audio.wav; path = "LITS Flute mono.wav"; sourceTree = "<group>"; };
		EB141A8D19E458D500EC8AD4 /* Disc Xpander mono.wav */ = {isa = PBXFileReference; lastKnownFileType = audio.wav; path = "Disc Xpander mono.wav"; sourceTree = "<group>"; };
		EB141A8E19E458D500EC8AD4 /* Disc Woo Voc mono.wav */ = {isa = PBXFileReference; lastKnownFileType = audio.wav; path = "Disc Woo Voc mono.wav"; sourceTree = "<group>"; };
		EB141A8F19E458D500EC8AD4 /* Disc Vostok Riff mono.wav */ = {isa = PBXFileReference; lastKnownFileType = audio.wav; path = "Disc Vostok Riff mono.wav"; sourceTree = "<group>"; };
		EB141A9019E458D500EC8AD4 /* Disc Vostok Bass mono.wav */ = {isa = PBXFileReference; lastKnownFileType = audio.wav; path = "Disc Vostok Bass mono.wav"; sourceTree = "<group>"; };
		EB141A9119E458D500EC8AD4 /* Disc Tone mono.wav */ = {isa = PBXFileReference; lastKnownFileType = audio.wav; path = "Disc Tone mono.wav"; sourceTree = "<group>"; };
		EB141A9219E458D500EC8AD4 /* Disc Riff mono.wav */ = {isa = PBXFileReference; lastKnownFileType = audio.wav; path = "Disc Riff mono.wav"; sourceTree = "<group>"; };
		EB141A9319E458D500EC8AD4 /* Disc Piano mono.wav */ = {isa = PBXFileReference; lastKnownFileType = audio.wav; path = "Disc Piano mono.wav"; sourceTree = "<group>"; };
		EB141A9419E458D500EC8AD4 /* Disc Perc mono.wav */ = {isa = PBXFileReference; lastKnownFileType = audio.wav; path = "Disc Perc mono.wav"; sourceTree = "<group>"; };
		EB141A9519E458D500EC8AD4 /* Disc Marimba mono.wav */ = {isa = PBXFileReference; lastKnownFileType = audio.wav; path = "Disc Marimba mono.wav"; sourceTree = "<group>"; };
		EB141A9619E458D500EC8AD4 /* Disc Lo Tone mono.wav */ = {isa = PBXFileReference; lastKnownFileType = audio.wav; path = "Disc Lo Tone mono.wav"; sourceTree = "<group>"; };
		EB141A9719E458D500EC8AD4 /* Disc Lead mono.wav */ = {isa = PBXFileReference; lastKnownFileType = audio.wav; path = "Disc Lead mono.wav"; sourceTree = "<group>"; };
		EB141A9819E458D500EC8AD4 /* Disc Drums mono.wav */ = {isa = PBXFileReference; lastKnownFileType = audio.wav; path = "Disc Drums mono.wav"; sourceTree = "<group>"; };
		EB141A9919E458D500EC8AD4 /* Disc BV mono.wav */ = {isa = PBXFileReference; lastKnownFileType = audio.wav; path = "Disc BV mono.wav"; sourceTree = "<group>"; };
		EB141A9A19E458D500EC8AD4 /* Disc Bass mono.wav */ = {isa = PBXFileReference; lastKnownFileType = audio.wav; path = "Disc Bass mono.wav"; sourceTree = "<group>"; };
		EBED86021A3A9C6D006CB3EA /* fhtdit2.cc */ = {isa = PBXFileReference; fileEncoding = 4; lastKnownFileType = sourcecode.cpp.cpp; path = fhtdit2.cc; sourceTree = "<group>"; };
		EBED86031A3A9C6D006CB3EA /* revbinpermute.h */ = {isa = PBXFileReference; fileEncoding = 4; lastKnownFileType = sourcecode.c.h; path = revbinpermute.h; sourceTree = "<group>"; };
		EBED86041A3A9C6D006CB3EA /* shortfhtdifcore.h */ = {isa = PBXFileReference; fileEncoding = 4; lastKnownFileType = sourcecode.c.h; path = shortfhtdifcore.h; sourceTree = "<group>"; };
		EBED86051A3A9C6D006CB3EA /* shortrevbinpermute.h */ = {isa = PBXFileReference; fileEncoding = 4; lastKnownFileType = sourcecode.c.h; path = shortrevbinpermute.h; sourceTree = "<group>"; };
		EBED86061A3A9C6D006CB3EA /* bithigh.h */ = {isa = PBXFileReference; fileEncoding = 4; lastKnownFileType = sourcecode.c.h; path = bithigh.h; sourceTree = "<group>"; };
		EBED86071A3A9C6D006CB3EA /* bitlow.h */ = {isa = PBXFileReference; fileEncoding = 4; lastKnownFileType = sourcecode.c.h; path = bitlow.h; sourceTree = "<group>"; };
		EBED86081A3A9C6D006CB3EA /* revbin-upd.h */ = {isa = PBXFileReference; fileEncoding = 4; lastKnownFileType = sourcecode.c.h; path = "revbin-upd.h"; sourceTree = "<group>"; };
		EBED86091A3A9C6D006CB3EA /* revbin.h */ = {isa = PBXFileReference; fileEncoding = 4; lastKnownFileType = sourcecode.c.h; path = revbin.h; sourceTree = "<group>"; };
		EBED860A1A3A9C6D006CB3EA /* bitasm-sse.h */ = {isa = PBXFileReference; fileEncoding = 4; lastKnownFileType = sourcecode.c.h; path = "bitasm-sse.h"; sourceTree = "<group>"; };
		EBED860B1A3A9C6D006CB3EA /* bitasm-i386.h */ = {isa = PBXFileReference; fileEncoding = 4; lastKnownFileType = sourcecode.c.h; path = "bitasm-i386.h"; sourceTree = "<group>"; };
		EBED860C1A3A9C6D006CB3EA /* bitasm-amd64.h */ = {isa = PBXFileReference; fileEncoding = 4; lastKnownFileType = sourcecode.c.h; path = "bitasm-amd64.h"; sourceTree = "<group>"; };
		EBED860D1A3A9C6D006CB3EA /* bitldeq.h */ = {isa = PBXFileReference; fileEncoding = 4; lastKnownFileType = sourcecode.c.h; path = bitldeq.h; sourceTree = "<group>"; };
		EBED860E1A3A9C6D006CB3EA /* bitsperlong.h */ = {isa = PBXFileReference; fileEncoding = 4; lastKnownFileType = sourcecode.c.h; path = bitsperlong.h; sourceTree = "<group>"; };
		EBED860F1A3A9C6D006CB3EA /* bithigh-edge.h */ = {isa = PBXFileReference; fileEncoding = 4; lastKnownFileType = sourcecode.c.h; path = "bithigh-edge.h"; sourceTree = "<group>"; };
		EBED86101A3A9C6D006CB3EA /* bitswap.h */ = {isa = PBXFileReference; fileEncoding = 4; lastKnownFileType = sourcecode.c.h; path = bitswap.h; sourceTree = "<group>"; };
		EBED86111A3A9C6D006CB3EA /* bitasm.h */ = {isa = PBXFileReference; fileEncoding = 4; lastKnownFileType = sourcecode.c.h; path = bitasm.h; sourceTree = "<group>"; };
		EBED86121A3A9C6D006CB3EA /* bit2pow.h */ = {isa = PBXFileReference; fileEncoding = 4; lastKnownFileType = sourcecode.c.h; path = bit2pow.h; sourceTree = "<group>"; };
/* End PBXFileReference section */

/* Begin PBXFrameworksBuildPhase section */
		5EC9EFB119D1FAC200CBF4FF /* Frameworks */ = {
			isa = PBXFrameworksBuildPhase;
			buildActionMask = 2147483647;
			files = (
				5EC622A619D331440076399E /* AudioToolbox.framework in Frameworks */,
				5EC622A719D331440076399E /* CoreAudio.framework in Frameworks */,
				5EC9EFBA19D1FAC200CBF4FF /* CoreGraphics.framework in Frameworks */,
				5EC9EFBC19D1FAC200CBF4FF /* UIKit.framework in Frameworks */,
				5EC9EFB819D1FAC200CBF4FF /* Foundation.framework in Frameworks */,
			);
			runOnlyForDeploymentPostprocessing = 0;
		};
		5EC9EFD219D1FAC300CBF4FF /* Frameworks */ = {
			isa = PBXFrameworksBuildPhase;
			buildActionMask = 2147483647;
			files = (
				5EC9EFD719D1FAC300CBF4FF /* XCTest.framework in Frameworks */,
				5EC9EFD919D1FAC300CBF4FF /* UIKit.framework in Frameworks */,
				5EC9EFD819D1FAC300CBF4FF /* Foundation.framework in Frameworks */,
			);
			runOnlyForDeploymentPostprocessing = 0;
		};
/* End PBXFrameworksBuildPhase section */

/* Begin PBXGroup section */
		5EC6225F19D3310C0076399E /* Sonic */ = {
			isa = PBXGroup;
			children = (
				5EC6226019D3310C0076399E /* .gitattributes */,
				5EC6226119D3310C0076399E /* .gitignore */,
				5EC6226219D3310C0076399E /* include */,
				5EC6226F19D3310C0076399E /* InputData */,
				5EC6227419D3310C0076399E /* iOS */,
				5EC6227719D3310C0076399E /* MIT_HRTF_Library */,
				5EC6228319D3310C0076399E /* README.md */,
				5EC6228419D3310C0076399E /* Sonic.cpp */,
				5EC6228519D3310C0076399E /* Sonic.h */,
				5EC6228619D3310C0076399E /* source */,
			);
			name = Sonic;
			path = ../Sonic;
			sourceTree = "<group>";
		};
		5EC6226219D3310C0076399E /* include */ = {
			isa = PBXGroup;
			children = (
				EBED86021A3A9C6D006CB3EA /* fhtdit2.cc */,
				EBED86031A3A9C6D006CB3EA /* revbinpermute.h */,
				EBED86041A3A9C6D006CB3EA /* shortfhtdifcore.h */,
				EBED86051A3A9C6D006CB3EA /* shortrevbinpermute.h */,
				EBED86061A3A9C6D006CB3EA /* bithigh.h */,
				EBED86071A3A9C6D006CB3EA /* bitlow.h */,
				EBED86081A3A9C6D006CB3EA /* revbin-upd.h */,
				EBED86091A3A9C6D006CB3EA /* revbin.h */,
				EBED860A1A3A9C6D006CB3EA /* bitasm-sse.h */,
				EBED860B1A3A9C6D006CB3EA /* bitasm-i386.h */,
				EBED860C1A3A9C6D006CB3EA /* bitasm-amd64.h */,
				EBED860D1A3A9C6D006CB3EA /* bitldeq.h */,
				EBED860E1A3A9C6D006CB3EA /* bitsperlong.h */,
				EBED860F1A3A9C6D006CB3EA /* bithigh-edge.h */,
				EBED86101A3A9C6D006CB3EA /* bitswap.h */,
				EBED86111A3A9C6D006CB3EA /* bitasm.h */,
				EBED86121A3A9C6D006CB3EA /* bit2pow.h */,
				EB1419E719DC6EED00EC8AD4 /* cmult.h */,
				EB1419E819DC6EED00EC8AD4 /* complextype.h */,
				EB1419E919DC6EED00EC8AD4 /* constants.h */,
				EB1419EA19DC6EED00EC8AD4 /* fht.h */,
				EB1419ED19DC6EED00EC8AD4 /* fhtloc2.h */,
				EB1419EE19DC6EED00EC8AD4 /* fxttypes.h */,
				EB1419EF19DC6EED00EC8AD4 /* hartleyshift.h */,
				EB1419F019DC6EED00EC8AD4 /* shortfhtditcore.h */,
				EB1419F219DC6EED00EC8AD4 /* sincos.h */,
				EB1419F319DC6EED00EC8AD4 /* sumdiff.h */,
				EB1419F419DC6EED00EC8AD4 /* swap.h */,
				5EC6226319D3310C0076399E /* AudioObj.h */,
				5EC6226419D3310C0076399E /* CircBuff.h */,
				5EC6226519D3310C0076399E /* complex.h */,
				5EC6226619D3310C0076399E /* fft.h */,
				5EC6226719D3310C0076399E /* location.h */,
				5EC6226819D3310C0076399E /* mit_hrtf_filter.h */,
				5EC6226919D3310C0076399E /* mit_hrtf_lib.h */,
				5EC6226A19D3310C0076399E /* Mixer3D.h */,
				5EC6226B19D3310C0076399E /* Player.h */,
				5EC6226C19D3310C0076399E /* velocity.h */,
				5EC6226D19D3310C0076399E /* WavObject.h */,
				5EC6226E19D3310C0076399E /* World.h */,
			);
			path = include;
			sourceTree = "<group>";
		};
		5EC6226F19D3310C0076399E /* InputData */ = {
			isa = PBXGroup;
			children = (
				EB141A8D19E458D500EC8AD4 /* Disc Xpander mono.wav */,
				EB141A8E19E458D500EC8AD4 /* Disc Woo Voc mono.wav */,
				EB141A8F19E458D500EC8AD4 /* Disc Vostok Riff mono.wav */,
				EB141A9019E458D500EC8AD4 /* Disc Vostok Bass mono.wav */,
				EB141A9119E458D500EC8AD4 /* Disc Tone mono.wav */,
				EB141A9219E458D500EC8AD4 /* Disc Riff mono.wav */,
				EB141A9319E458D500EC8AD4 /* Disc Piano mono.wav */,
				EB141A9419E458D500EC8AD4 /* Disc Perc mono.wav */,
				EB141A9519E458D500EC8AD4 /* Disc Marimba mono.wav */,
				EB141A9619E458D500EC8AD4 /* Disc Lo Tone mono.wav */,
				EB141A9719E458D500EC8AD4 /* Disc Lead mono.wav */,
				EB141A9819E458D500EC8AD4 /* Disc Drums mono.wav */,
				EB141A9919E458D500EC8AD4 /* Disc BV mono.wav */,
				EB141A9A19E458D500EC8AD4 /* Disc Bass mono.wav */,
				EB141A8519E4504100EC8AD4 /* LITS Amp mono.wav */,
				EB141A8619E4504100EC8AD4 /* LITS Voc mono.wav */,
				EB141A8719E4504100EC8AD4 /* LITS Piano mono.wav */,
				EB141A8819E4504100EC8AD4 /* LITS Flute mono.wav */,
				EB1419D719DC5E1D00EC8AD4 /* boom.wav */,
				EB1419D819DC5E1D00EC8AD4 /* dingding.wav */,
				EB1419D919DC5E1D00EC8AD4 /* fx.wav */,
				EB1419DA19DC5E1D00EC8AD4 /* knock_woodpecker.wav */,
				EB1419DB19DC5E1D00EC8AD4 /* skrape.wav */,
				EB1419DC19DC5E1D00EC8AD4 /* solo.wav */,
				EB1419DD19DC5E1D00EC8AD4 /* wibble.wav */,
				EB1419DE19DC5E1D00EC8AD4 /* wuffle.wav */,
				5EC6227019D3310C0076399E /* 1minutetest.wav */,
				5EC6227119D3310C0076399E /* 3m40stest.wav */,
				5EC6227219D3310C0076399E /* catmeow.wav */,
				5EC6227319D3310C0076399E /* input1mono.wav */,
			);
			path = InputData;
			sourceTree = "<group>";
		};
		5EC6227419D3310C0076399E /* iOS */ = {
			isa = PBXGroup;
			children = (
				5EC6227519D3310C0076399E /* CustomAudioUnit.cpp */,
				5EC6227619D3310C0076399E /* CustomAudioUnit.h */,
			);
			path = iOS;
			sourceTree = "<group>";
		};
		5EC6227719D3310C0076399E /* MIT_HRTF_Library */ = {
			isa = PBXGroup;
			children = (
				5EC6227819D3310C0076399E /* source */,
			);
			path = MIT_HRTF_Library;
			sourceTree = "<group>";
		};
		5EC6227819D3310C0076399E /* source */ = {
			isa = PBXGroup;
			children = (
				5EC6227919D3310C0076399E /* diffuse */,
				5EC6227E19D3310C0076399E /* normal */,
			);
			path = source;
			sourceTree = "<group>";
		};
		5EC6227919D3310C0076399E /* diffuse */ = {
			isa = PBXGroup;
			children = (
				5EC6227A19D3310C0076399E /* mit_hrtf_diffuse_44100.h */,
				5EC6227B19D3310C0076399E /* mit_hrtf_diffuse_48000.h */,
				5EC6227C19D3310C0076399E /* mit_hrtf_diffuse_88200.h */,
				5EC6227D19D3310C0076399E /* mit_hrtf_diffuse_96000.h */,
			);
			path = diffuse;
			sourceTree = "<group>";
		};
		5EC6227E19D3310C0076399E /* normal */ = {
			isa = PBXGroup;
			children = (
				5EC6227F19D3310C0076399E /* mit_hrtf_normal_44100.h */,
				5EC6228019D3310C0076399E /* mit_hrtf_normal_48000.h */,
				5EC6228119D3310C0076399E /* mit_hrtf_normal_88200.h */,
				5EC6228219D3310C0076399E /* mit_hrtf_normal_96000.h */,
			);
			path = normal;
			sourceTree = "<group>";
		};
		5EC6228619D3310C0076399E /* source */ = {
			isa = PBXGroup;
			children = (
				5EC6228719D3310C0076399E /* AudioObj.cpp */,
				EB1419EB19DC6EED00EC8AD4 /* fhtdit.cc */,
				5EC6228819D3310C0076399E /* complex.cpp */,
				5EC6228919D3310C0076399E /* fft.cpp */,
				5EC6228A19D3310C0076399E /* location.cpp */,
				5EC6228B19D3310C0076399E /* mit_hrtf_lib.c */,
				5EC6228C19D3310C0076399E /* Mixer3D.cpp */,
				5EC6228D19D3310C0076399E /* Player.cpp */,
				5EC6228E19D3310C0076399E /* velocity.cpp */,
				5EC6228F19D3310C0076399E /* WavObject.mm */,
				5EC6229019D3310C0076399E /* World.cpp */,
			);
			path = source;
			sourceTree = "<group>";
		};
		5EC9EFAB19D1FAC200CBF4FF = {
			isa = PBXGroup;
			children = (
				5EC6225F19D3310C0076399E /* Sonic */,
				5EC9EFBD19D1FAC200CBF4FF /* SonicDemo */,
				5EC9EFDC19D1FAC300CBF4FF /* SonicDemoTests */,
				5EC9EFB619D1FAC200CBF4FF /* Frameworks */,
				5EC9EFB519D1FAC200CBF4FF /* Products */,
			);
			sourceTree = "<group>";
		};
		5EC9EFB519D1FAC200CBF4FF /* Products */ = {
			isa = PBXGroup;
			children = (
				5EC9EFB419D1FAC200CBF4FF /* SonicDemo.app */,
				5EC9EFD519D1FAC300CBF4FF /* SonicDemoTests.xctest */,
			);
			name = Products;
			sourceTree = "<group>";
		};
		5EC9EFB619D1FAC200CBF4FF /* Frameworks */ = {
			isa = PBXGroup;
			children = (
				5EC622A419D331440076399E /* AudioToolbox.framework */,
				5EC622A519D331440076399E /* CoreAudio.framework */,
				5EC9EFB719D1FAC200CBF4FF /* Foundation.framework */,
				5EC9EFB919D1FAC200CBF4FF /* CoreGraphics.framework */,
				5EC9EFBB19D1FAC200CBF4FF /* UIKit.framework */,
				5EC9EFD619D1FAC300CBF4FF /* XCTest.framework */,
			);
			name = Frameworks;
			sourceTree = "<group>";
		};
		5EC9EFBD19D1FAC200CBF4FF /* SonicDemo */ = {
			isa = PBXGroup;
			children = (
				5EC9EFC619D1FAC200CBF4FF /* SDAppDelegate.h */,
				5EC9EFC719D1FAC300CBF4FF /* SDAppDelegate.m */,
				5EC9EFC919D1FAC300CBF4FF /* Main.storyboard */,
				5EC9EFCC19D1FAC300CBF4FF /* SDViewController.h */,
				5EC9EFCD19D1FAC300CBF4FF /* SDViewController.mm */,
				5EC9EFCF19D1FAC300CBF4FF /* Images.xcassets */,
				5EC9EFBE19D1FAC200CBF4FF /* Supporting Files */,
			);
			path = SonicDemo;
			sourceTree = "<group>";
		};
		5EC9EFBE19D1FAC200CBF4FF /* Supporting Files */ = {
			isa = PBXGroup;
			children = (
				5EC9EFBF19D1FAC200CBF4FF /* SonicDemo-Info.plist */,
				5EC9EFC019D1FAC200CBF4FF /* InfoPlist.strings */,
				5EC9EFC319D1FAC200CBF4FF /* main.m */,
				5EC9EFC519D1FAC200CBF4FF /* SonicDemo-Prefix.pch */,
			);
			name = "Supporting Files";
			sourceTree = "<group>";
		};
		5EC9EFDC19D1FAC300CBF4FF /* SonicDemoTests */ = {
			isa = PBXGroup;
			children = (
				5EC9EFE219D1FAC300CBF4FF /* SonicDemoTests.m */,
				5EC9EFDD19D1FAC300CBF4FF /* Supporting Files */,
			);
			path = SonicDemoTests;
			sourceTree = "<group>";
		};
		5EC9EFDD19D1FAC300CBF4FF /* Supporting Files */ = {
			isa = PBXGroup;
			children = (
				5EC9EFDE19D1FAC300CBF4FF /* SonicDemoTests-Info.plist */,
				5EC9EFDF19D1FAC300CBF4FF /* InfoPlist.strings */,
			);
			name = "Supporting Files";
			sourceTree = "<group>";
		};
/* End PBXGroup section */

/* Begin PBXNativeTarget section */
		5EC9EFB319D1FAC200CBF4FF /* SonicDemo */ = {
			isa = PBXNativeTarget;
			buildConfigurationList = 5EC9EFE619D1FAC300CBF4FF /* Build configuration list for PBXNativeTarget "SonicDemo" */;
			buildPhases = (
				5EC9EFB019D1FAC200CBF4FF /* Sources */,
				5EC9EFB119D1FAC200CBF4FF /* Frameworks */,
				5EC9EFB219D1FAC200CBF4FF /* Resources */,
			);
			buildRules = (
			);
			dependencies = (
			);
			name = SonicDemo;
			productName = SonicDemo;
			productReference = 5EC9EFB419D1FAC200CBF4FF /* SonicDemo.app */;
			productType = "com.apple.product-type.application";
		};
		5EC9EFD419D1FAC300CBF4FF /* SonicDemoTests */ = {
			isa = PBXNativeTarget;
			buildConfigurationList = 5EC9EFE919D1FAC300CBF4FF /* Build configuration list for PBXNativeTarget "SonicDemoTests" */;
			buildPhases = (
				5EC9EFD119D1FAC300CBF4FF /* Sources */,
				5EC9EFD219D1FAC300CBF4FF /* Frameworks */,
				5EC9EFD319D1FAC300CBF4FF /* Resources */,
			);
			buildRules = (
			);
			dependencies = (
				5EC9EFDB19D1FAC300CBF4FF /* PBXTargetDependency */,
			);
			name = SonicDemoTests;
			productName = SonicDemoTests;
			productReference = 5EC9EFD519D1FAC300CBF4FF /* SonicDemoTests.xctest */;
			productType = "com.apple.product-type.bundle.unit-test";
		};
/* End PBXNativeTarget section */

/* Begin PBXProject section */
		5EC9EFAC19D1FAC200CBF4FF /* Project object */ = {
			isa = PBXProject;
			attributes = {
				CLASSPREFIX = SD;
				LastUpgradeCheck = 0510;
				ORGANIZATIONNAME = "Philadelphia Game Lab";
				TargetAttributes = {
					5EC9EFD419D1FAC300CBF4FF = {
						TestTargetID = 5EC9EFB319D1FAC200CBF4FF;
					};
				};
			};
			buildConfigurationList = 5EC9EFAF19D1FAC200CBF4FF /* Build configuration list for PBXProject "SonicDemo" */;
			compatibilityVersion = "Xcode 3.2";
			developmentRegion = English;
			hasScannedForEncodings = 0;
			knownRegions = (
				en,
				Base,
			);
			mainGroup = 5EC9EFAB19D1FAC200CBF4FF;
			productRefGroup = 5EC9EFB519D1FAC200CBF4FF /* Products */;
			projectDirPath = "";
			projectRoot = "";
			targets = (
				5EC9EFB319D1FAC200CBF4FF /* SonicDemo */,
				5EC9EFD419D1FAC300CBF4FF /* SonicDemoTests */,
			);
		};
/* End PBXProject section */

/* Begin PBXResourcesBuildPhase section */
		5EC9EFB219D1FAC200CBF4FF /* Resources */ = {
			isa = PBXResourcesBuildPhase;
			buildActionMask = 2147483647;
			files = (
				EB1419E119DC5E1D00EC8AD4 /* fx.wav in Resources */,
				EB1419E419DC5E1D00EC8AD4 /* solo.wav in Resources */,
				EB141A9C19E458D500EC8AD4 /* Disc Woo Voc mono.wav in Resources */,
				5EC6229319D3310C0076399E /* 1minutetest.wav in Resources */,
				EB141A9F19E458D500EC8AD4 /* Disc Tone mono.wav in Resources */,
				5EC6229219D3310C0076399E /* .gitignore in Resources */,
				5EC6229819D3310C0076399E /* README.md in Resources */,
				EB141A9B19E458D500EC8AD4 /* Disc Xpander mono.wav in Resources */,
				EB141AA319E458D500EC8AD4 /* Disc Marimba mono.wav in Resources */,
				EB1419DF19DC5E1D00EC8AD4 /* boom.wav in Resources */,
				EB141A8A19E4504100EC8AD4 /* LITS Voc mono.wav in Resources */,
				EB141AA819E458D500EC8AD4 /* Disc Bass mono.wav in Resources */,
				EB141AA119E458D500EC8AD4 /* Disc Piano mono.wav in Resources */,
				EB1419E319DC5E1D00EC8AD4 /* skrape.wav in Resources */,
				EB1419E519DC5E1D00EC8AD4 /* wibble.wav in Resources */,
				EB1419E019DC5E1D00EC8AD4 /* dingding.wav in Resources */,
				EB141AA719E458D500EC8AD4 /* Disc BV mono.wav in Resources */,
				EB141AA219E458D500EC8AD4 /* Disc Perc mono.wav in Resources */,
				EB1419E619DC5E1D00EC8AD4 /* wuffle.wav in Resources */,
				5EC9EFD019D1FAC300CBF4FF /* Images.xcassets in Resources */,
				5EC6229419D3310C0076399E /* 3m40stest.wav in Resources */,
				5EC9EFC219D1FAC200CBF4FF /* InfoPlist.strings in Resources */,
				EB141A8C19E4504100EC8AD4 /* LITS Flute mono.wav in Resources */,
				EB141A8B19E4504100EC8AD4 /* LITS Piano mono.wav in Resources */,
				5EC6229619D3310C0076399E /* input1mono.wav in Resources */,
				EB1419E219DC5E1D00EC8AD4 /* knock_woodpecker.wav in Resources */,
				5EC9EFCB19D1FAC300CBF4FF /* Main.storyboard in Resources */,
				5EC6229119D3310C0076399E /* .gitattributes in Resources */,
				EB141A9E19E458D500EC8AD4 /* Disc Vostok Bass mono.wav in Resources */,
				5EC6229519D3310C0076399E /* catmeow.wav in Resources */,
				EB141AA619E458D500EC8AD4 /* Disc Drums mono.wav in Resources */,
				EB141AA019E458D500EC8AD4 /* Disc Riff mono.wav in Resources */,
				EB141A8919E4504100EC8AD4 /* LITS Amp mono.wav in Resources */,
				EB141AA519E458D500EC8AD4 /* Disc Lead mono.wav in Resources */,
				EB141AA419E458D500EC8AD4 /* Disc Lo Tone mono.wav in Resources */,
				EB141A9D19E458D500EC8AD4 /* Disc Vostok Riff mono.wav in Resources */,
			);
			runOnlyForDeploymentPostprocessing = 0;
		};
		5EC9EFD319D1FAC300CBF4FF /* Resources */ = {
			isa = PBXResourcesBuildPhase;
			buildActionMask = 2147483647;
			files = (
				5EC9EFE119D1FAC300CBF4FF /* InfoPlist.strings in Resources */,
			);
			runOnlyForDeploymentPostprocessing = 0;
		};
/* End PBXResourcesBuildPhase section */

/* Begin PBXSourcesBuildPhase section */
		5EC9EFB019D1FAC200CBF4FF /* Sources */ = {
			isa = PBXSourcesBuildPhase;
			buildActionMask = 2147483647;
			files = (
				EB1419F519DC6EED00EC8AD4 /* fhtdit.cc in Sources */,
				EBED86131A3A9C6D006CB3EA /* fhtdit2.cc in Sources */,
				5EC6229C19D3310C0076399E /* fft.cpp in Sources */,
				5EC622A219D3310C0076399E /* WavObject.mm in Sources */,
				5EC6229A19D3310C0076399E /* AudioObj.cpp in Sources */,
				5EC9EFC419D1FAC200CBF4FF /* main.m in Sources */,
				5EC6229919D3310C0076399E /* Sonic.cpp in Sources */,
				5EC6229E19D3310C0076399E /* mit_hrtf_lib.c in Sources */,
				5EC6229F19D3310C0076399E /* Mixer3D.cpp in Sources */,
				5EC6229D19D3310C0076399E /* location.cpp in Sources */,
				5EC6229719D3310C0076399E /* CustomAudioUnit.cpp in Sources */,
				5EC622A019D3310C0076399E /* Player.cpp in Sources */,
				5EC622A119D3310C0076399E /* velocity.cpp in Sources */,
				5EC622A319D3310C0076399E /* World.cpp in Sources */,
				5EC9EFCE19D1FAC300CBF4FF /* SDViewController.mm in Sources */,
				5EC6229B19D3310C0076399E /* complex.cpp in Sources */,
				5EC9EFC819D1FAC300CBF4FF /* SDAppDelegate.m in Sources */,
			);
			runOnlyForDeploymentPostprocessing = 0;
		};
		5EC9EFD119D1FAC300CBF4FF /* Sources */ = {
			isa = PBXSourcesBuildPhase;
			buildActionMask = 2147483647;
			files = (
				5EC9EFE319D1FAC300CBF4FF /* SonicDemoTests.m in Sources */,
			);
			runOnlyForDeploymentPostprocessing = 0;
		};
/* End PBXSourcesBuildPhase section */

/* Begin PBXTargetDependency section */
		5EC9EFDB19D1FAC300CBF4FF /* PBXTargetDependency */ = {
			isa = PBXTargetDependency;
			target = 5EC9EFB319D1FAC200CBF4FF /* SonicDemo */;
			targetProxy = 5EC9EFDA19D1FAC300CBF4FF /* PBXContainerItemProxy */;
		};
/* End PBXTargetDependency section */

/* Begin PBXVariantGroup section */
		5EC9EFC019D1FAC200CBF4FF /* InfoPlist.strings */ = {
			isa = PBXVariantGroup;
			children = (
				5EC9EFC119D1FAC200CBF4FF /* en */,
			);
			name = InfoPlist.strings;
			sourceTree = "<group>";
		};
		5EC9EFC919D1FAC300CBF4FF /* Main.storyboard */ = {
			isa = PBXVariantGroup;
			children = (
				5EC9EFCA19D1FAC300CBF4FF /* Base */,
			);
			name = Main.storyboard;
			sourceTree = "<group>";
		};
		5EC9EFDF19D1FAC300CBF4FF /* InfoPlist.strings */ = {
			isa = PBXVariantGroup;
			children = (
				5EC9EFE019D1FAC300CBF4FF /* en */,
			);
			name = InfoPlist.strings;
			sourceTree = "<group>";
		};
/* End PBXVariantGroup section */

/* Begin XCBuildConfiguration section */
		5EC9EFE419D1FAC300CBF4FF /* Debug */ = {
			isa = XCBuildConfiguration;
			buildSettings = {
				ALWAYS_SEARCH_USER_PATHS = NO;
				CLANG_CXX_LANGUAGE_STANDARD = "gnu++0x";
				CLANG_CXX_LIBRARY = "libc++";
				CLANG_ENABLE_MODULES = YES;
				CLANG_ENABLE_OBJC_ARC = YES;
				CLANG_WARN_BOOL_CONVERSION = YES;
				CLANG_WARN_CONSTANT_CONVERSION = YES;
				CLANG_WARN_DIRECT_OBJC_ISA_USAGE = YES_ERROR;
				CLANG_WARN_EMPTY_BODY = YES;
				CLANG_WARN_ENUM_CONVERSION = YES;
				CLANG_WARN_INT_CONVERSION = YES;
				CLANG_WARN_OBJC_ROOT_CLASS = YES_ERROR;
				CLANG_WARN__DUPLICATE_METHOD_MATCH = YES;
				"CODE_SIGN_IDENTITY[sdk=iphoneos*]" = "iPhone Developer";
				COPY_PHASE_STRIP = NO;
				GCC_C_LANGUAGE_STANDARD = gnu99;
				GCC_DYNAMIC_NO_PIC = NO;
				GCC_OPTIMIZATION_LEVEL = 0;
				GCC_PREPROCESSOR_DEFINITIONS = (
					"DEBUG=1",
					"$(inherited)",
				);
				GCC_SYMBOLS_PRIVATE_EXTERN = NO;
				GCC_WARN_64_TO_32_BIT_CONVERSION = YES;
				GCC_WARN_ABOUT_RETURN_TYPE = YES_ERROR;
				GCC_WARN_UNDECLARED_SELECTOR = YES;
				GCC_WARN_UNINITIALIZED_AUTOS = YES_AGGRESSIVE;
				GCC_WARN_UNUSED_FUNCTION = YES;
				GCC_WARN_UNUSED_VARIABLE = YES;
				IPHONEOS_DEPLOYMENT_TARGET = 7.1;
				ONLY_ACTIVE_ARCH = YES;
				SDKROOT = iphoneos;
			};
			name = Debug;
		};
		5EC9EFE519D1FAC300CBF4FF /* Release */ = {
			isa = XCBuildConfiguration;
			buildSettings = {
				ALWAYS_SEARCH_USER_PATHS = NO;
				CLANG_CXX_LANGUAGE_STANDARD = "gnu++0x";
				CLANG_CXX_LIBRARY = "libc++";
				CLANG_ENABLE_MODULES = YES;
				CLANG_ENABLE_OBJC_ARC = YES;
				CLANG_WARN_BOOL_CONVERSION = YES;
				CLANG_WARN_CONSTANT_CONVERSION = YES;
				CLANG_WARN_DIRECT_OBJC_ISA_USAGE = YES_ERROR;
				CLANG_WARN_EMPTY_BODY = YES;
				CLANG_WARN_ENUM_CONVERSION = YES;
				CLANG_WARN_INT_CONVERSION = YES;
				CLANG_WARN_OBJC_ROOT_CLASS = YES_ERROR;
				CLANG_WARN__DUPLICATE_METHOD_MATCH = YES;
				"CODE_SIGN_IDENTITY[sdk=iphoneos*]" = "iPhone Developer";
				COPY_PHASE_STRIP = YES;
				ENABLE_NS_ASSERTIONS = NO;
				GCC_C_LANGUAGE_STANDARD = gnu99;
				GCC_WARN_64_TO_32_BIT_CONVERSION = YES;
				GCC_WARN_ABOUT_RETURN_TYPE = YES_ERROR;
				GCC_WARN_UNDECLARED_SELECTOR = YES;
				GCC_WARN_UNINITIALIZED_AUTOS = YES_AGGRESSIVE;
				GCC_WARN_UNUSED_FUNCTION = YES;
				GCC_WARN_UNUSED_VARIABLE = YES;
				IPHONEOS_DEPLOYMENT_TARGET = 7.1;
				SDKROOT = iphoneos;
				VALIDATE_PRODUCT = YES;
			};
			name = Release;
		};
		5EC9EFE719D1FAC300CBF4FF /* Debug */ = {
			isa = XCBuildConfiguration;
			buildSettings = {
				ASSETCATALOG_COMPILER_APPICON_NAME = AppIcon;
				ASSETCATALOG_COMPILER_LAUNCHIMAGE_NAME = LaunchImage;
				GCC_PRECOMPILE_PREFIX_HEADER = YES;
				GCC_PREFIX_HEADER = "SonicDemo/SonicDemo-Prefix.pch";
				INFOPLIST_FILE = "SonicDemo/SonicDemo-Info.plist";
				PRODUCT_NAME = "$(TARGET_NAME)";
				WRAPPER_EXTENSION = app;
			};
			name = Debug;
		};
		5EC9EFE819D1FAC300CBF4FF /* Release */ = {
			isa = XCBuildConfiguration;
			buildSettings = {
				ASSETCATALOG_COMPILER_APPICON_NAME = AppIcon;
				ASSETCATALOG_COMPILER_LAUNCHIMAGE_NAME = LaunchImage;
				GCC_PRECOMPILE_PREFIX_HEADER = YES;
				GCC_PREFIX_HEADER = "SonicDemo/SonicDemo-Prefix.pch";
				INFOPLIST_FILE = "SonicDemo/SonicDemo-Info.plist";
				PRODUCT_NAME = "$(TARGET_NAME)";
				WRAPPER_EXTENSION = app;
			};
			name = Release;
		};
		5EC9EFEA19D1FAC300CBF4FF /* Debug */ = {
			isa = XCBuildConfiguration;
			buildSettings = {
				BUNDLE_LOADER = "$(BUILT_PRODUCTS_DIR)/SonicDemo.app/SonicDemo";
				FRAMEWORK_SEARCH_PATHS = (
					"$(SDKROOT)/Developer/Library/Frameworks",
					"$(inherited)",
					"$(DEVELOPER_FRAMEWORKS_DIR)",
				);
				GCC_PRECOMPILE_PREFIX_HEADER = YES;
				GCC_PREFIX_HEADER = "SonicDemo/SonicDemo-Prefix.pch";
				GCC_PREPROCESSOR_DEFINITIONS = (
					"DEBUG=1",
					"$(inherited)",
				);
				INFOPLIST_FILE = "SonicDemoTests/SonicDemoTests-Info.plist";
				PRODUCT_NAME = "$(TARGET_NAME)";
				TEST_HOST = "$(BUNDLE_LOADER)";
				WRAPPER_EXTENSION = xctest;
			};
			name = Debug;
		};
		5EC9EFEB19D1FAC300CBF4FF /* Release */ = {
			isa = XCBuildConfiguration;
			buildSettings = {
				BUNDLE_LOADER = "$(BUILT_PRODUCTS_DIR)/SonicDemo.app/SonicDemo";
				FRAMEWORK_SEARCH_PATHS = (
					"$(SDKROOT)/Developer/Library/Frameworks",
					"$(inherited)",
					"$(DEVELOPER_FRAMEWORKS_DIR)",
				);
				GCC_PRECOMPILE_PREFIX_HEADER = YES;
				GCC_PREFIX_HEADER = "SonicDemo/SonicDemo-Prefix.pch";
				INFOPLIST_FILE = "SonicDemoTests/SonicDemoTests-Info.plist";
				PRODUCT_NAME = "$(TARGET_NAME)";
				TEST_HOST = "$(BUNDLE_LOADER)";
				WRAPPER_EXTENSION = xctest;
			};
			name = Release;
		};
/* End XCBuildConfiguration section */

/* Begin XCConfigurationList section */
		5EC9EFAF19D1FAC200CBF4FF /* Build configuration list for PBXProject "SonicDemo" */ = {
			isa = XCConfigurationList;
			buildConfigurations = (
				5EC9EFE419D1FAC300CBF4FF /* Debug */,
				5EC9EFE519D1FAC300CBF4FF /* Release */,
			);
			defaultConfigurationIsVisible = 0;
			defaultConfigurationName = Release;
		};
		5EC9EFE619D1FAC300CBF4FF /* Build configuration list for PBXNativeTarget "SonicDemo" */ = {
			isa = XCConfigurationList;
			buildConfigurations = (
				5EC9EFE719D1FAC300CBF4FF /* Debug */,
				5EC9EFE819D1FAC300CBF4FF /* Release */,
			);
			defaultConfigurationIsVisible = 0;
			defaultConfigurationName = Release;
		};
		5EC9EFE919D1FAC300CBF4FF /* Build configuration list for PBXNativeTarget "SonicDemoTests" */ = {
			isa = XCConfigurationList;
			buildConfigurations = (
				5EC9EFEA19D1FAC300CBF4FF /* Debug */,
				5EC9EFEB19D1FAC300CBF4FF /* Release */,
			);
			defaultConfigurationIsVisible = 0;
			defaultConfigurationName = Release;
		};
/* End XCConfigurationList section */
	};
	rootObject = 5EC9EFAC19D1FAC200CBF4FF /* Project object */;
}
